
Microsoft Visual Studio Solution File, Format Version 12.00
# Visual Studio Version 17
VisualStudioVersion = 17.0.31903.59
MinimumVisualStudioVersion = 10.0.40219.1
Project("{FAE04EC0-301F-11D3-BF4B-00C04F79EFBC}") = "BankingApi", "BankingApi\BankingApi.csproj", "{18D4D297-F7DE-4E39-B3DD-40E8CFAB672D}"
EndProject
Project("{FAE04EC0-301F-11D3-BF4B-00C04F79EFBC}") = "BankingApi.IntegrationTests", "BankingApi.IntegrationTests\BankingApi.IntegrationTests.csproj", "{1AD15C3A-CD65-4901-A651-60FF645F31AA}"
EndProject
Global
	GlobalSection(SolutionConfigurationPlatforms) = preSolution
		Debug|Any CPU = Debug|Any CPU
		Debug|x64 = Debug|x64
		Debug|x86 = Debug|x86
		Release|Any CPU = Release|Any CPU
		Release|x64 = Release|x64
		Release|x86 = Release|x86
	EndGlobalSection
	GlobalSection(ProjectConfigurationPlatforms) = postSolution
		{18D4D297-F7DE-4E39-B3DD-40E8CFAB672D}.Debug|Any CPU.ActiveCfg = Debug|Any CPU
		{18D4D297-F7DE-4E39-B3DD-40E8CFAB672D}.Debug|Any CPU.Build.0 = Debug|Any CPU
		{18D4D297-F7DE-4E39-B3DD-40E8CFAB672D}.Debug|x64.ActiveCfg = Debug|Any CPU
		{18D4D297-F7DE-4E39-B3DD-40E8CFAB672D}.Debug|x64.Build.0 = Debug|Any CPU
		{18D4D297-F7DE-4E39-B3DD-40E8CFAB672D}.Debug|x86.ActiveCfg = Debug|Any CPU
		{18D4D297-F7DE-4E39-B3DD-40E8CFAB672D}.Debug|x86.Build.0 = Debug|Any CPU
		{18D4D297-F7DE-4E39-B3DD-40E8CFAB672D}.Release|Any CPU.ActiveCfg = Release|Any CPU
		{18D4D297-F7DE-4E39-B3DD-40E8CFAB672D}.Release|Any CPU.Build.0 = Release|Any CPU
		{18D4D297-F7DE-4E39-B3DD-40E8CFAB672D}.Release|x64.ActiveCfg = Release|Any CPU
		{18D4D297-F7DE-4E39-B3DD-40E8CFAB672D}.Release|x64.Build.0 = Release|Any CPU
		{18D4D297-F7DE-4E39-B3DD-40E8CFAB672D}.Release|x86.ActiveCfg = Release|Any CPU
		{18D4D297-F7DE-4E39-B3DD-40E8CFAB672D}.Release|x86.Build.0 = Release|Any CPU
		{1AD15C3A-CD65-4901-A651-60FF645F31AA}.Debug|Any CPU.ActiveCfg = Debug|Any CPU
		{1AD15C3A-CD65-4901-A651-60FF645F31AA}.Debug|Any CPU.Build.0 = Debug|Any CPU
		{1AD15C3A-CD65-4901-A651-60FF645F31AA}.Debug|x64.ActiveCfg = Debug|Any CPU
		{1AD15C3A-CD65-4901-A651-60FF645F31AA}.Debug|x64.Build.0 = Debug|Any CPU
		{1AD15C3A-CD65-4901-A651-60FF645F31AA}.Debug|x86.ActiveCfg = Debug|Any CPU
		{1AD15C3A-CD65-4901-A651-60FF645F31AA}.Debug|x86.Build.0 = Debug|Any CPU
		{1AD15C3A-CD65-4901-A651-60FF645F31AA}.Release|Any CPU.ActiveCfg = Release|Any CPU
		{1AD15C3A-CD65-4901-A651-60FF645F31AA}.Release|Any CPU.Build.0 = Release|Any CPU
		{1AD15C3A-CD65-4901-A651-60FF645F31AA}.Release|x64.ActiveCfg = Release|Any CPU
		{1AD15C3A-CD65-4901-A651-60FF645F31AA}.Release|x64.Build.0 = Release|Any CPU
		{1AD15C3A-CD65-4901-A651-60FF645F31AA}.Release|x86.ActiveCfg = Release|Any CPU
		{1AD15C3A-CD65-4901-A651-60FF645F31AA}.Release|x86.Build.0 = Release|Any CPU
	EndGlobalSection
	GlobalSection(SolutionProperties) = preSolution
		HideSolutionNode = FALSE
	EndGlobalSection
EndGlobal
